github.com/graph-gophers/graphql-go v1.10.2 h1:HXu6Wu5klCH4ALn1fQHVI20cjEIa4wftavHIgbLA4Fo=
github.com/graph-gophers/graphql-go v1.10.2/go.mod h1:AsADheC4CCFwd8n1/QbkduTlHgYYMsRgtPihYVAlEsk=
github.com/sijms/go-ora/v2 v2.9.0 h1:+iQbUeTeCOFMb5BsOMgUhV8KWyrv9yjKpcK4x7+MFrg=
github.com/sijms/go-ora/v2 v2.9.0/go.mod h1:QgFInVi3ZWyqAiJwzBQA+nbKYKH77tdp1PYoCqhR2dU=
